{
  "name": "html-webpack-path-plugin",
  "version": "1.0.2",
  "lockfileVersion": 1,
  "requires": true,
  "dependencies": {
    "@types/anymatch": {
      "version": "1.3.1",
      "resolved": "https://registry.npm.taobao.org/@types/anymatch/download/@types/anymatch-1.3.1.tgz",
      "integrity": "sha1-M2utwb7sudrMOL6izzKt9ieoQho=",
      "dev": true
    },
    "@types/clean-css": {
      "version": "4.2.1",
      "resolved": "https://registry.npm.taobao.org/@types/clean-css/download/@types/clean-css-4.2.1.tgz?cache=0&sync_timestamp=1572461973095&other_urls=https%3A%2F%2Fregistry.npm.taobao.org%2F%40types%2Fclean-css%2Fdownload%2F%40types%2Fclean-css-4.2.1.tgz",
      "integrity": "sha1-ywE0JB7F5u3htTRLyClmj9mHGo0=",
      "dev": true,
      "requires": {
        "@types/node": "*"
      }
    },
    "@types/html-minifier": {
      "version": "3.5.3",
      "resolved": "https://registry.npm.taobao.org/@types/html-minifier/download/@types/html-minifier-3.5.3.tgz",
      "integrity": "sha1-UnaEUTjbLOvFTHieCq+HYhoh6E8=",
      "dev": true,
      "requires": {
        "@types/clean-css": "*",
        "@types/relateurl": "*",
        "@types/uglify-js": "*"
      }
    },
    "@types/html-webpack-plugin": {
      "version": "3.2.1",
      "resolved": "https://registry.npm.taobao.org/@types/html-webpack-plugin/download/@types/html-webpack-plugin-3.2.1.tgz",
      "integrity": "sha1-00AUByYeyCyw/DgN8o5XyU6FHk0=",
      "dev": true,
      "requires": {
        "@types/html-minifier": "*",
        "@types/tapable": "*",
        "@types/webpack": "*"
      }
    },
    "@types/lodash": {
      "version": "4.14.149",
      "resolved": "https://registry.npm.taobao.org/@types/lodash/download/@types/lodash-4.14.149.tgz",
      "integrity": "sha1-E0LWPZSMYGKDj7+WEBL3TU5jhEA=",
      "dev": true
    },
    "@types/node": {
      "version": "13.1.6",
      "resolved": "https://registry.npm.taobao.org/@types/node/download/@types/node-13.1.6.tgz",
      "integrity": "sha1-B2Ao0LBAC+gQW4mgpVVQyGaE/+w=",
      "dev": true
    },
    "@types/relateurl": {
      "version": "0.2.28",
      "resolved": "https://registry.npm.taobao.org/@types/relateurl/download/@types/relateurl-0.2.28.tgz",
      "integrity": "sha1-a9p9uGU/piZD9e5p6facEaOS46Y=",
      "dev": true
    },
    "@types/source-list-map": {
      "version": "0.1.2",
      "resolved": "https://registry.npm.taobao.org/@types/source-list-map/download/@types/source-list-map-0.1.2.tgz",
      "integrity": "sha1-AHiDYGP/rxdBI0m7o2QIfgrALsk=",
      "dev": true
    },
    "@types/tapable": {
      "version": "1.0.5",
      "resolved": "https://registry.npm.taobao.org/@types/tapable/download/@types/tapable-1.0.5.tgz",
      "integrity": "sha1-mtvBKVBYKqZerXa//fOf4MJ6PAI=",
      "dev": true
    },
    "@types/uglify-js": {
      "version": "3.0.4",
      "resolved": "https://registry.npm.taobao.org/@types/uglify-js/download/@types/uglify-js-3.0.4.tgz",
      "integrity": "sha1-lr6uI99vVhhiqDC0KIpJ6GuqwII=",
      "dev": true,
      "requires": {
        "source-map": "^0.6.1"
      }
    },
    "@types/webpack": {
      "version": "4.41.2",
      "resolved": "https://registry.npm.taobao.org/@types/webpack/download/@types/webpack-4.41.2.tgz",
      "integrity": "sha1-xvrwER3iev3/4RWNrFWeRHwnNRY=",
      "dev": true,
      "requires": {
        "@types/anymatch": "*",
        "@types/node": "*",
        "@types/tapable": "*",
        "@types/uglify-js": "*",
        "@types/webpack-sources": "*",
        "source-map": "^0.6.0"
      }
    },
    "@types/webpack-sources": {
      "version": "0.1.5",
      "resolved": "https://registry.npm.taobao.org/@types/webpack-sources/download/@types/webpack-sources-0.1.5.tgz",
      "integrity": "sha1-vkfBD3g9PW7+FHH/fwQmEb1GSpI=",
      "dev": true,
      "requires": {
        "@types/node": "*",
        "@types/source-list-map": "*",
        "source-map": "^0.6.1"
      }
    },
    "ansi-regex": {
      "version": "2.1.1",
      "resolved": "https://registry.npm.taobao.org/ansi-regex/download/ansi-regex-2.1.1.tgz",
      "integrity": "sha1-w7M6te42DYbg5ijwRorn7yfWVN8=",
      "dev": true
    },
    "big.js": {
      "version": "3.2.0",
      "resolved": "https://registry.npm.taobao.org/big.js/download/big.js-3.2.0.tgz",
      "integrity": "sha1-pfwpi4G54Nyi5FiCR4S2XFK6WI4=",
      "dev": true
    },
    "boolbase": {
      "version": "1.0.0",
      "resolved": "https://registry.npm.taobao.org/boolbase/download/boolbase-1.0.0.tgz",
      "integrity": "sha1-aN/1++YMUes3cl6p4+0xDcwed24=",
      "dev": true
    },
    "camel-case": {
      "version": "3.0.0",
      "resolved": "https://registry.npm.taobao.org/camel-case/download/camel-case-3.0.0.tgz",
      "integrity": "sha1-yjw2iKTpzzpM2nd9xNy8cTJJz3M=",
      "dev": true,
      "requires": {
        "no-case": "^2.2.0",
        "upper-case": "^1.1.1"
      }
    },
    "clean-css": {
      "version": "4.2.1",
      "resolved": "https://registry.npm.taobao.org/clean-css/download/clean-css-4.2.1.tgz",
      "integrity": "sha1-LUEe92uFabbQyEBo2r6FsKpeXBc=",
      "dev": true,
      "requires": {
        "source-map": "~0.6.0"
      }
    },
    "commander": {
      "version": "2.17.1",
      "resolved": "https://registry.npm.taobao.org/commander/download/commander-2.17.1.tgz",
      "integrity": "sha1-vXerfebelCBc6sxy8XFtKfIKd78=",
      "dev": true
    },
    "css-select": {
      "version": "1.2.0",
      "resolved": "https://registry.npm.taobao.org/css-select/download/css-select-1.2.0.tgz",
      "integrity": "sha1-KzoRBTnFNV8c2NMUYj6HCxIeyFg=",
      "dev": true,
      "requires": {
        "boolbase": "~1.0.0",
        "css-what": "2.1",
        "domutils": "1.5.1",
        "nth-check": "~1.0.1"
      }
    },
    "css-what": {
      "version": "2.1.3",
      "resolved": "https://registry.npm.taobao.org/css-what/download/css-what-2.1.3.tgz",
      "integrity": "sha1-ptdgRXM2X+dGhsPzEcVlE9iChfI=",
      "dev": true
    },
    "define-properties": {
      "version": "1.1.3",
      "resolved": "https://registry.npm.taobao.org/define-properties/download/define-properties-1.1.3.tgz",
      "integrity": "sha1-z4jabL7ib+bbcJT2HYcMvYTO6fE=",
      "dev": true,
      "requires": {
        "object-keys": "^1.0.12"
      }
    },
    "dom-converter": {
      "version": "0.2.0",
      "resolved": "https://registry.npm.taobao.org/dom-converter/download/dom-converter-0.2.0.tgz",
      "integrity": "sha1-ZyGp2u4uKTaClVtq/kFncWJ7t2g=",
      "dev": true,
      "requires": {
        "utila": "~0.4"
      }
    },
    "dom-serializer": {
      "version": "0.2.2",
      "resolved": "https://registry.npm.taobao.org/dom-serializer/download/dom-serializer-0.2.2.tgz?cache=0&sync_timestamp=1573447907918&other_urls=https%3A%2F%2Fregistry.npm.taobao.org%2Fdom-serializer%2Fdownload%2Fdom-serializer-0.2.2.tgz",
      "integrity": "sha1-GvuB9TNxcXXUeGVd68XjMtn5u1E=",
      "dev": true,
      "requires": {
        "domelementtype": "^2.0.1",
        "entities": "^2.0.0"
      },
      "dependencies": {
        "domelementtype": {
          "version": "2.0.1",
          "resolved": "https://registry.npm.taobao.org/domelementtype/download/domelementtype-2.0.1.tgz",
          "integrity": "sha1-H4vf6R9aeAYydOgDtL3O326U+U0=",
          "dev": true
        }
      }
    },
    "domelementtype": {
      "version": "1.3.1",
      "resolved": "https://registry.npm.taobao.org/domelementtype/download/domelementtype-1.3.1.tgz",
      "integrity": "sha1-0EjESzew0Qp/Kj1f7j9DM9eQSB8=",
      "dev": true
    },
    "domhandler": {
      "version": "2.4.2",
      "resolved": "https://registry.npm.taobao.org/domhandler/download/domhandler-2.4.2.tgz",
      "integrity": "sha1-iAUJfpM9ZehVRvcm1g9euItE+AM=",
      "dev": true,
      "requires": {
        "domelementtype": "1"
      }
    },
    "domutils": {
      "version": "1.5.1",
      "resolved": "https://registry.npm.taobao.org/domutils/download/domutils-1.5.1.tgz",
      "integrity": "sha1-3NhIiib1Y9YQeeSMn3t+Mjc2gs8=",
      "dev": true,
      "requires": {
        "dom-serializer": "0",
        "domelementtype": "1"
      }
    },
    "emojis-list": {
      "version": "2.1.0",
      "resolved": "https://registry.npm.taobao.org/emojis-list/download/emojis-list-2.1.0.tgz",
      "integrity": "sha1-TapNnbAPmBmIDHn6RXrlsJof04k=",
      "dev": true
    },
    "entities": {
      "version": "2.0.0",
      "resolved": "https://registry.npm.taobao.org/entities/download/entities-2.0.0.tgz",
      "integrity": "sha1-aNYITKsbB5dnVA2A5Wo5tCPkq/Q=",
      "dev": true
    },
    "es-abstract": {
      "version": "1.17.0",
      "resolved": "https://registry.npm.taobao.org/es-abstract/download/es-abstract-1.17.0.tgz?cache=0&sync_timestamp=1576883946566&other_urls=https%3A%2F%2Fregistry.npm.taobao.org%2Fes-abstract%2Fdownload%2Fes-abstract-1.17.0.tgz",
      "integrity": "sha1-9CpRfQA2pVkduyxGNZHci7UDCbE=",
      "dev": true,
      "requires": {
        "es-to-primitive": "^1.2.1",
        "function-bind": "^1.1.1",
        "has": "^1.0.3",
        "has-symbols": "^1.0.1",
        "is-callable": "^1.1.5",
        "is-regex": "^1.0.5",
        "object-inspect": "^1.7.0",
        "object-keys": "^1.1.1",
        "object.assign": "^4.1.0",
        "string.prototype.trimleft": "^2.1.1",
        "string.prototype.trimright": "^2.1.1"
      }
    },
    "es-to-primitive": {
      "version": "1.2.1",
      "resolved": "https://registry.npm.taobao.org/es-to-primitive/download/es-to-primitive-1.2.1.tgz",
      "integrity": "sha1-5VzUyc3BiLzvsDs2bHNjI/xciYo=",
      "dev": true,
      "requires": {
        "is-callable": "^1.1.4",
        "is-date-object": "^1.0.1",
        "is-symbol": "^1.0.2"
      }
    },
    "function-bind": {
      "version": "1.1.1",
      "resolved": "https://registry.npm.taobao.org/function-bind/download/function-bind-1.1.1.tgz",
      "integrity": "sha1-pWiZ0+o8m6uHS7l3O3xe3pL0iV0=",
      "dev": true
    },
    "has": {
      "version": "1.0.3",
      "resolved": "https://registry.npm.taobao.org/has/download/has-1.0.3.tgz",
      "integrity": "sha1-ci18v8H2qoJB8W3YFOAR4fQeh5Y=",
      "dev": true,
      "requires": {
        "function-bind": "^1.1.1"
      }
    },
    "has-symbols": {
      "version": "1.0.1",
      "resolved": "https://registry.npm.taobao.org/has-symbols/download/has-symbols-1.0.1.tgz",
      "integrity": "sha1-n1IUdYpEGWxAbZvXbOv4HsLdMeg=",
      "dev": true
    },
    "he": {
      "version": "1.2.0",
      "resolved": "https://registry.npm.taobao.org/he/download/he-1.2.0.tgz",
      "integrity": "sha1-hK5l+n6vsWX922FWauFLrwVmTw8=",
      "dev": true
    },
    "html-minifier": {
      "version": "3.5.21",
      "resolved": "https://registry.npm.taobao.org/html-minifier/download/html-minifier-3.5.21.tgz",
      "integrity": "sha1-0AQOBUcw41TbAIRjWTGUAVIS0gw=",
      "dev": true,
      "requires": {
        "camel-case": "3.0.x",
        "clean-css": "4.2.x",
        "commander": "2.17.x",
        "he": "1.2.x",
        "param-case": "2.1.x",
        "relateurl": "0.2.x",
        "uglify-js": "3.4.x"
      }
    },
    "html-webpack-plugin": {
      "version": "3.2.0",
      "resolved": "https://registry.npm.taobao.org/html-webpack-plugin/download/html-webpack-plugin-3.2.0.tgz?cache=0&sync_timestamp=1573491310172&other_urls=https%3A%2F%2Fregistry.npm.taobao.org%2Fhtml-webpack-plugin%2Fdownload%2Fhtml-webpack-plugin-3.2.0.tgz",
      "integrity": "sha1-sBq71yOsqqeze2r0SS69oD2d03s=",
      "dev": true,
      "requires": {
        "html-minifier": "^3.2.3",
        "loader-utils": "^0.2.16",
        "lodash": "^4.17.3",
        "pretty-error": "^2.0.2",
        "tapable": "^1.0.0",
        "toposort": "^1.0.0",
        "util.promisify": "1.0.0"
      }
    },
    "htmlparser2": {
      "version": "3.10.1",
      "resolved": "https://registry.npm.taobao.org/htmlparser2/download/htmlparser2-3.10.1.tgz",
      "integrity": "sha1-vWedw/WYl7ajS7EHSchVu1OpOS8=",
      "dev": true,
      "requires": {
        "domelementtype": "^1.3.1",
        "domhandler": "^2.3.0",
        "domutils": "^1.5.1",
        "entities": "^1.1.1",
        "inherits": "^2.0.1",
        "readable-stream": "^3.1.1"
      },
      "dependencies": {
        "entities": {
          "version": "1.1.2",
          "resolved": "https://registry.npm.taobao.org/entities/download/entities-1.1.2.tgz",
          "integrity": "sha1-vfpzUplmTfr9NFKe1PhSKidf6lY=",
          "dev": true
        }
      }
    },
    "inherits": {
      "version": "2.0.4",
      "resolved": "https://registry.npm.taobao.org/inherits/download/inherits-2.0.4.tgz",
      "integrity": "sha1-D6LGT5MpF8NDOg3tVTY6rjdBa3w=",
      "dev": true
    },
    "is-callable": {
      "version": "1.1.5",
      "resolved": "https://registry.npm.taobao.org/is-callable/download/is-callable-1.1.5.tgz",
      "integrity": "sha1-9+RrWWiQRW23Tn9ul2yzJz0G+qs=",
      "dev": true
    },
    "is-date-object": {
      "version": "1.0.2",
      "resolved": "https://registry.npm.taobao.org/is-date-object/download/is-date-object-1.0.2.tgz?cache=0&sync_timestamp=1576729165697&other_urls=https%3A%2F%2Fregistry.npm.taobao.org%2Fis-date-object%2Fdownload%2Fis-date-object-1.0.2.tgz",
      "integrity": "sha1-vac28s2P0G0yhE53Q7+nSUw7/X4=",
      "dev": true
    },
    "is-regex": {
      "version": "1.0.5",
      "resolved": "https://registry.npm.taobao.org/is-regex/download/is-regex-1.0.5.tgz",
      "integrity": "sha1-OdWJo1i/GJZ/cmlnEguPwa7XTq4=",
      "dev": true,
      "requires": {
        "has": "^1.0.3"
      }
    },
    "is-symbol": {
      "version": "1.0.3",
      "resolved": "https://registry.npm.taobao.org/is-symbol/download/is-symbol-1.0.3.tgz",
      "integrity": "sha1-OOEBS55jKb4N6dJKQU/XRB7GGTc=",
      "dev": true,
      "requires": {
        "has-symbols": "^1.0.1"
      }
    },
    "json5": {
      "version": "0.5.1",
      "resolved": "https://registry.npm.taobao.org/json5/download/json5-0.5.1.tgz",
      "integrity": "sha1-Hq3nrMASA0rYTiOWdn6tn6VJWCE=",
      "dev": true
    },
    "loader-utils": {
      "version": "0.2.17",
      "resolved": "https://registry.npm.taobao.org/loader-utils/download/loader-utils-0.2.17.tgz",
      "integrity": "sha1-+G5jdNQyBabmxg6RlvF8Apm/s0g=",
      "dev": true,
      "requires": {
        "big.js": "^3.1.3",
        "emojis-list": "^2.0.0",
        "json5": "^0.5.0",
        "object-assign": "^4.0.1"
      }
    },
    "lodash": {
      "version": "4.17.21",
      "resolved": "https://registry.npmjs.org/lodash/-/lodash-4.17.21.tgz",
      "integrity": "sha512-v2kDEe57lecTulaDIuNTPy3Ry4gLGJ6Z1O3vE1krgXZNrsQ+LFTGHVxVjcXPs17LhbZVGedAJv8XZ1tvj5FvSg==",
      "dev": true
    },
    "lower-case": {
      "version": "1.1.4",
      "resolved": "https://registry.npm.taobao.org/lower-case/download/lower-case-1.1.4.tgz",
      "integrity": "sha1-miyr0bno4K6ZOkv31YdcOcQujqw=",
      "dev": true
    },
    "no-case": {
      "version": "2.3.2",
      "resolved": "https://registry.npm.taobao.org/no-case/download/no-case-2.3.2.tgz?cache=0&sync_timestamp=1576721505371&other_urls=https%3A%2F%2Fregistry.npm.taobao.org%2Fno-case%2Fdownload%2Fno-case-2.3.2.tgz",
      "integrity": "sha1-YLgTOWvjmz8SiKTB7V0efSi0ZKw=",
      "dev": true,
      "requires": {
        "lower-case": "^1.1.1"
      }
    },
    "nth-check": {
      "version": "1.0.2",
      "resolved": "https://registry.npm.taobao.org/nth-check/download/nth-check-1.0.2.tgz",
      "integrity": "sha1-sr0pXDfj3VijvwcAN2Zjuk2c8Fw=",
      "dev": true,
      "requires": {
        "boolbase": "~1.0.0"
      }
    },
    "object-assign": {
      "version": "4.1.1",
      "resolved": "https://registry.npm.taobao.org/object-assign/download/object-assign-4.1.1.tgz?cache=0&sync_timestamp=1571657171505&other_urls=https%3A%2F%2Fregistry.npm.taobao.org%2Fobject-assign%2Fdownload%2Fobject-assign-4.1.1.tgz",
      "integrity": "sha1-IQmtx5ZYh8/AXLvUQsrIv7s2CGM=",
      "dev": true
    },
    "object-inspect": {
      "version": "1.7.0",
      "resolved": "https://registry.npm.taobao.org/object-inspect/download/object-inspect-1.7.0.tgz",
      "integrity": "sha1-9Pa9GBrXfwBrXs5gvQtvOY/3Smc=",
      "dev": true
    },
    "object-keys": {
      "version": "1.1.1",
      "resolved": "https://registry.npm.taobao.org/object-keys/download/object-keys-1.1.1.tgz",
      "integrity": "sha1-HEfyct8nfzsdrwYWd9nILiMixg4=",
      "dev": true
    },
    "object.assign": {
      "version": "4.1.0",
      "resolved": "https://registry.npm.taobao.org/object.assign/download/object.assign-4.1.0.tgz",
      "integrity": "sha1-lovxEA15Vrs8oIbwBvhGs7xACNo=",
      "dev": true,
      "requires": {
        "define-properties": "^1.1.2",
        "function-bind": "^1.1.1",
        "has-symbols": "^1.0.0",
        "object-keys": "^1.0.11"
      }
    },
    "object.getownpropertydescriptors": {
      "version": "2.1.0",
      "resolved": "https://registry.npm.taobao.org/object.getownpropertydescriptors/download/object.getownpropertydescriptors-2.1.0.tgz?cache=0&other_urls=https%3A%2F%2Fregistry.npm.taobao.org%2Fobject.getownpropertydescriptors%2Fdownload%2Fobject.getownpropertydescriptors-2.1.0.tgz",
      "integrity": "sha1-Npvx+VktiridcS3O1cuBx8U1Jkk=",
      "dev": true,
      "requires": {
        "define-properties": "^1.1.3",
        "es-abstract": "^1.17.0-next.1"
      }
    },
    "param-case": {
      "version": "2.1.1",
      "resolved": "https://registry.npm.taobao.org/param-case/download/param-case-2.1.1.tgz",
      "integrity": "sha1-35T9jPZTHs915r75oIWPvHK+Ikc=",
      "dev": true,
      "requires": {
        "no-case": "^2.2.0"
      }
    },
    "pretty-error": {
      "version": "2.1.1",
      "resolved": "https://registry.npm.taobao.org/pretty-error/download/pretty-error-2.1.1.tgz",
      "integrity": "sha1-X0+HyPkeWuPzuoerTPXgOxoX8aM=",
      "dev": true,
      "requires": {
        "renderkid": "^2.0.1",
        "utila": "~0.4"
      }
    },
    "readable-stream": {
      "version": "3.4.0",
      "resolved": "https://registry.npm.taobao.org/readable-stream/download/readable-stream-3.4.0.tgz?cache=0&sync_timestamp=1578244501372&other_urls=https%3A%2F%2Fregistry.npm.taobao.org%2Freadable-stream%2Fdownload%2Freadable-stream-3.4.0.tgz",
      "integrity": "sha1-pRwmdUZY4KPCHb9ZFjvUW6b0R/w=",
      "dev": true,
      "requires": {
        "inherits": "^2.0.3",
        "string_decoder": "^1.1.1",
        "util-deprecate": "^1.0.1"
      }
    },
    "relateurl": {
      "version": "0.2.7",
      "resolved": "https://registry.npm.taobao.org/relateurl/download/relateurl-0.2.7.tgz",
      "integrity": "sha1-VNvzd+UUQKypCkzSdGANP/LYiKk=",
      "dev": true
    },
    "renderkid": {
      "version": "2.0.3",
      "resolved": "https://registry.npm.taobao.org/renderkid/download/renderkid-2.0.3.tgz",
      "integrity": "sha1-OAF5wv9a4TZcUivy/Pz/AcW3QUk=",
      "dev": true,
      "requires": {
        "css-select": "^1.1.0",
        "dom-converter": "^0.2",
        "htmlparser2": "^3.3.0",
        "strip-ansi": "^3.0.0",
        "utila": "^0.4.0"
      }
    },
    "safe-buffer": {
      "version": "5.2.0",
      "resolved": "https://registry.npm.taobao.org/safe-buffer/download/safe-buffer-5.2.0.tgz",
      "integrity": "sha1-t02uxJsRSPiMZLaNSbHoFcHy9Rk=",
      "dev": true
    },
    "source-map": {
      "version": "0.6.1",
      "resolved": "https://registry.npm.taobao.org/source-map/download/source-map-0.6.1.tgz?cache=0&sync_timestamp=1571657176668&other_urls=https%3A%2F%2Fregistry.npm.taobao.org%2Fsource-map%2Fdownload%2Fsource-map-0.6.1.tgz",
      "integrity": "sha1-dHIq8y6WFOnCh6jQu95IteLxomM=",
      "dev": true
    },
    "string.prototype.trimleft": {
      "version": "2.1.1",
      "resolved": "https://registry.npm.taobao.org/string.prototype.trimleft/download/string.prototype.trimleft-2.1.1.tgz?cache=0&sync_timestamp=1576706744979&other_urls=https%3A%2F%2Fregistry.npm.taobao.org%2Fstring.prototype.trimleft%2Fdownload%2Fstring.prototype.trimleft-2.1.1.tgz",
      "integrity": "sha1-m9uKxqvW1gKxek7TIYcNL43O/HQ=",
      "dev": true,
      "requires": {
        "define-properties": "^1.1.3",
        "function-bind": "^1.1.1"
      }
    },
    "string.prototype.trimright": {
      "version": "2.1.1",
      "resolved": "https://registry.npm.taobao.org/string.prototype.trimright/download/string.prototype.trimright-2.1.1.tgz?cache=0&sync_timestamp=1576706745939&other_urls=https%3A%2F%2Fregistry.npm.taobao.org%2Fstring.prototype.trimright%2Fdownload%2Fstring.prototype.trimright-2.1.1.tgz",
      "integrity": "sha1-RAMUsVmWyGbOigNBiU1FGGIAxdk=",
      "dev": true,
      "requires": {
        "define-properties": "^1.1.3",
        "function-bind": "^1.1.1"
      }
    },
    "string_decoder": {
      "version": "1.3.0",
      "resolved": "https://registry.npm.taobao.org/string_decoder/download/string_decoder-1.3.0.tgz",
      "integrity": "sha1-QvEUWUpGzxqOMLCoT1bHjD7awh4=",
      "dev": true,
      "requires": {
        "safe-buffer": "~5.2.0"
      }
    },
    "strip-ansi": {
      "version": "3.0.1",
      "resolved": "https://registry.npm.taobao.org/strip-ansi/download/strip-ansi-3.0.1.tgz?cache=0&sync_timestamp=1573280518303&other_urls=https%3A%2F%2Fregistry.npm.taobao.org%2Fstrip-ansi%2Fdownload%2Fstrip-ansi-3.0.1.tgz",
      "integrity": "sha1-ajhfuIU9lS1f8F0Oiq+UJ43GPc8=",
      "dev": true,
      "requires": {
        "ansi-regex": "^2.0.0"
      }
    },
    "tapable": {
      "version": "1.1.3",
      "resolved": "https://registry.npm.taobao.org/tapable/download/tapable-1.1.3.tgz",
      "integrity": "sha1-ofzMBrWNth/XpF2i2kT186Pme6I=",
      "dev": true
    },
    "toposort": {
      "version": "1.0.7",
      "resolved": "https://registry.npm.taobao.org/toposort/download/toposort-1.0.7.tgz",
      "integrity": "sha1-LmhELZ9k7HILjMieZEOsbKqVACk=",
      "dev": true
    },
    "typescript": {
      "version": "3.7.4",
      "resolved": "https://registry.npm.taobao.org/typescript/download/typescript-3.7.4.tgz?cache=0&other_urls=https%3A%2F%2Fregistry.npm.taobao.org%2Ftypescript%2Fdownload%2Ftypescript-3.7.4.tgz",
      "integrity": "sha1-F0Ol7F/vah+p8+RwjjPIHHOHbBk=",
      "dev": true
    },
    "uglify-js": {
      "version": "3.4.10",
      "resolved": "https://registry.npm.taobao.org/uglify-js/download/uglify-js-3.4.10.tgz?cache=0&sync_timestamp=1578832911313&other_urls=https%3A%2F%2Fregistry.npm.taobao.org%2Fuglify-js%2Fdownload%2Fuglify-js-3.4.10.tgz",
      "integrity": "sha1-mtlWPY6zrN+404WX0q8dgV9qdV8=",
      "dev": true,
      "requires": {
        "commander": "~2.19.0",
        "source-map": "~0.6.1"
      },
      "dependencies": {
        "commander": {
          "version": "2.19.0",
          "resolved": "https://registry.npm.taobao.org/commander/download/commander-2.19.0.tgz",
          "integrity": "sha1-9hmKqE5bg8RgVLlN3tv+1e6f8So=",
          "dev": true
        }
      }
    },
    "upper-case": {
      "version": "1.1.3",
      "resolved": "https://registry.npm.taobao.org/upper-case/download/upper-case-1.1.3.tgz?cache=0&other_urls=https%3A%2F%2Fregistry.npm.taobao.org%2Fupper-case%2Fdownload%2Fupper-case-1.1.3.tgz",
      "integrity": "sha1-9rRQHC7EzdJrp4vnIilh3ndiFZg=",
      "dev": true
    },
    "util-deprecate": {
      "version": "1.0.2",
      "resolved": "https://registry.npm.taobao.org/util-deprecate/download/util-deprecate-1.0.2.tgz",
      "integrity": "sha1-RQ1Nyfpw3nMnYvvS1KKJgUGaDM8=",
      "dev": true
    },
    "util.promisify": {
      "version": "1.0.0",
      "resolved": "https://registry.npm.taobao.org/util.promisify/download/util.promisify-1.0.0.tgz",
      "integrity": "sha1-RA9xZaRZyaFtwUXrjnLzVocJcDA=",
      "dev": true,
      "requires": {
        "define-properties": "^1.1.2",
        "object.getownpropertydescriptors": "^2.0.3"
      }
    },
    "utila": {
      "version": "0.4.0",
      "resolved": "https://registry.npm.taobao.org/utila/download/utila-0.4.0.tgz",
      "integrity": "sha1-ihagXURWV6Oupe7MWxKk+lN5dyw=",
      "dev": true
    }
  }
}
